
Microsoft Visual Studio Solution File, Format Version 12.00
# Visual Studio Version 17
VisualStudioVersion = 17.12.35707.178 d17.12
MinimumVisualStudioVersion = 10.0.40219.1
Project("{FAE04EC0-301F-11D3-BF4B-00C04F79EFBC}") = "authentication", "authentication\authentication.csproj", "{FD4A3E7A-F3A4-4C2D-A575-AC079F274E69}"
EndProject
Project("{FAE04EC0-301F-11D3-BF4B-00C04F79EFBC}") = "PgAdmin", "PgAdmin\PgAdmin.csproj", "{BDFEB303-6F58-47E4-B80A-67B9D744B24A}"
EndProject
Project("{FAE04EC0-301F-11D3-BF4B-00C04F79EFBC}") = "Hash", "Hash\Hash.csproj", "{DE56F3B8-E2D1-4AE5-A3AF-FADCAE9C2BF7}"
EndProject
Global
	GlobalSection(SolutionConfigurationPlatforms) = preSolution
		Debug|Any CPU = Debug|Any CPU
		Release|Any CPU = Release|Any CPU
	EndGlobalSection
	GlobalSection(ProjectConfigurationPlatforms) = postSolution
		{FD4A3E7A-F3A4-4C2D-A575-AC079F274E69}.Debug|Any CPU.ActiveCfg = Debug|Any CPU
		{FD4A3E7A-F3A4-4C2D-A575-AC079F274E69}.Debug|Any CPU.Build.0 = Debug|Any CPU
		{FD4A3E7A-F3A4-4C2D-A575-AC079F274E69}.Release|Any CPU.ActiveCfg = Release|Any CPU
		{FD4A3E7A-F3A4-4C2D-A575-AC079F274E69}.Release|Any CPU.Build.0 = Release|Any CPU
		{BDFEB303-6F58-47E4-B80A-67B9D744B24A}.Debug|Any CPU.ActiveCfg = Debug|Any CPU
		{BDFEB303-6F58-47E4-B80A-67B9D744B24A}.Debug|Any CPU.Build.0 = Debug|Any CPU
		{BDFEB303-6F58-47E4-B80A-67B9D744B24A}.Release|Any CPU.ActiveCfg = Release|Any CPU
		{BDFEB303-6F58-47E4-B80A-67B9D744B24A}.Release|Any CPU.Build.0 = Release|Any CPU
		{DE56F3B8-E2D1-4AE5-A3AF-FADCAE9C2BF7}.Debug|Any CPU.ActiveCfg = Debug|Any CPU
		{DE56F3B8-E2D1-4AE5-A3AF-FADCAE9C2BF7}.Debug|Any CPU.Build.0 = Debug|Any CPU
		{DE56F3B8-E2D1-4AE5-A3AF-FADCAE9C2BF7}.Release|Any CPU.ActiveCfg = Release|Any CPU
		{DE56F3B8-E2D1-4AE5-A3AF-FADCAE9C2BF7}.Release|Any CPU.Build.0 = Release|Any CPU
	EndGlobalSection
	GlobalSection(SolutionProperties) = preSolution
		HideSolutionNode = FALSE
	EndGlobalSection
EndGlobal
