
Microsoft Visual Studio Solution File, Format Version 12.00
# Visual Studio Version 17
VisualStudioVersion = 17.13.35818.85 d17.13
MinimumVisualStudioVersion = 10.0.40219.1
Project("{FAE04EC0-301F-11D3-BF4B-00C04F79EFBC}") = "сommunity", "сommunity\сommunity.csproj", "{46BF7090-85A0-4DDE-A7A2-EB1F58F14328}"
EndProject
Project("{FAE04EC0-301F-11D3-BF4B-00C04F79EFBC}") = "Hash", "Hash\Hash.csproj", "{475F39D6-3B84-4F99-B249-9CDC5DAE840A}"
EndProject
Project("{FAE04EC0-301F-11D3-BF4B-00C04F79EFBC}") = "PgAdmin", "PgAdmin\PgAdmin.csproj", "{D4F4AC3C-0463-4295-AD15-F86822FE7E8E}"
EndProject
Global
	GlobalSection(SolutionConfigurationPlatforms) = preSolution
		Debug|Any CPU = Debug|Any CPU
		Release|Any CPU = Release|Any CPU
	EndGlobalSection
	GlobalSection(ProjectConfigurationPlatforms) = postSolution
		{46BF7090-85A0-4DDE-A7A2-EB1F58F14328}.Debug|Any CPU.ActiveCfg = Debug|Any CPU
		{46BF7090-85A0-4DDE-A7A2-EB1F58F14328}.Debug|Any CPU.Build.0 = Debug|Any CPU
		{46BF7090-85A0-4DDE-A7A2-EB1F58F14328}.Release|Any CPU.ActiveCfg = Release|Any CPU
		{46BF7090-85A0-4DDE-A7A2-EB1F58F14328}.Release|Any CPU.Build.0 = Release|Any CPU
		{475F39D6-3B84-4F99-B249-9CDC5DAE840A}.Debug|Any CPU.ActiveCfg = Debug|Any CPU
		{475F39D6-3B84-4F99-B249-9CDC5DAE840A}.Debug|Any CPU.Build.0 = Debug|Any CPU
		{475F39D6-3B84-4F99-B249-9CDC5DAE840A}.Release|Any CPU.ActiveCfg = Release|Any CPU
		{475F39D6-3B84-4F99-B249-9CDC5DAE840A}.Release|Any CPU.Build.0 = Release|Any CPU
		{D4F4AC3C-0463-4295-AD15-F86822FE7E8E}.Debug|Any CPU.ActiveCfg = Debug|Any CPU
		{D4F4AC3C-0463-4295-AD15-F86822FE7E8E}.Debug|Any CPU.Build.0 = Debug|Any CPU
		{D4F4AC3C-0463-4295-AD15-F86822FE7E8E}.Release|Any CPU.ActiveCfg = Release|Any CPU
		{D4F4AC3C-0463-4295-AD15-F86822FE7E8E}.Release|Any CPU.Build.0 = Release|Any CPU
	EndGlobalSection
	GlobalSection(SolutionProperties) = preSolution
		HideSolutionNode = FALSE
	EndGlobalSection
	GlobalSection(ExtensibilityGlobals) = postSolution
		SolutionGuid = {38E6382B-B396-499B-851A-28515B7683AE}
	EndGlobalSection
EndGlobal
