
Microsoft Visual Studio Solution File, Format Version 12.00
# Visual Studio Version 17
VisualStudioVersion = 17.13.35818.85 d17.13
MinimumVisualStudioVersion = 10.0.40219.1
Project("{FAE04EC0-301F-11D3-BF4B-00C04F79EFBC}") = "Tracks", "Tracks\Tracks.csproj", "{0039E2A3-3F86-40EA-AAEE-D49447744054}"
EndProject
Project("{FAE04EC0-301F-11D3-BF4B-00C04F79EFBC}") = "Hash", "Hash\Hash.csproj", "{39733C2E-BF01-4478-9BD9-DF22476D42A9}"
EndProject
Project("{FAE04EC0-301F-11D3-BF4B-00C04F79EFBC}") = "PgAdmin", "PgAdmin\PgAdmin.csproj", "{4E001E43-94BE-429B-B726-1C33EA4D148F}"
EndProject
Global
	GlobalSection(SolutionConfigurationPlatforms) = preSolution
		Debug|Any CPU = Debug|Any CPU
		Release|Any CPU = Release|Any CPU
	EndGlobalSection
	GlobalSection(ProjectConfigurationPlatforms) = postSolution
		{0039E2A3-3F86-40EA-AAEE-D49447744054}.Debug|Any CPU.ActiveCfg = Debug|Any CPU
		{0039E2A3-3F86-40EA-AAEE-D49447744054}.Debug|Any CPU.Build.0 = Debug|Any CPU
		{0039E2A3-3F86-40EA-AAEE-D49447744054}.Release|Any CPU.ActiveCfg = Release|Any CPU
		{0039E2A3-3F86-40EA-AAEE-D49447744054}.Release|Any CPU.Build.0 = Release|Any CPU
		{39733C2E-BF01-4478-9BD9-DF22476D42A9}.Debug|Any CPU.ActiveCfg = Debug|Any CPU
		{39733C2E-BF01-4478-9BD9-DF22476D42A9}.Debug|Any CPU.Build.0 = Debug|Any CPU
		{39733C2E-BF01-4478-9BD9-DF22476D42A9}.Release|Any CPU.ActiveCfg = Release|Any CPU
		{39733C2E-BF01-4478-9BD9-DF22476D42A9}.Release|Any CPU.Build.0 = Release|Any CPU
		{4E001E43-94BE-429B-B726-1C33EA4D148F}.Debug|Any CPU.ActiveCfg = Debug|Any CPU
		{4E001E43-94BE-429B-B726-1C33EA4D148F}.Debug|Any CPU.Build.0 = Debug|Any CPU
		{4E001E43-94BE-429B-B726-1C33EA4D148F}.Release|Any CPU.ActiveCfg = Release|Any CPU
		{4E001E43-94BE-429B-B726-1C33EA4D148F}.Release|Any CPU.Build.0 = Release|Any CPU
	EndGlobalSection
	GlobalSection(SolutionProperties) = preSolution
		HideSolutionNode = FALSE
	EndGlobalSection
	GlobalSection(ExtensibilityGlobals) = postSolution
		SolutionGuid = {1125A111-2841-4A6E-9626-E133CDAACB7C}
	EndGlobalSection
EndGlobal
