
Microsoft Visual Studio Solution File, Format Version 12.00
# Visual Studio Version 17
VisualStudioVersion = 17.13.35818.85
MinimumVisualStudioVersion = 10.0.40219.1
Project("{9A19103F-16F7-4668-BE54-9A1E7A4F7556}") = "Hash", "Hash\Hash.csproj", "{D8F45C68-E296-A9E4-6804-935D1AE9D04B}"
EndProject
Project("{9A19103F-16F7-4668-BE54-9A1E7A4F7556}") = "PgAdmin", "PgAdmin\PgAdmin.csproj", "{C3747605-5559-5877-4D36-A81BAE24014D}"
EndProject
Project("{9A19103F-16F7-4668-BE54-9A1E7A4F7556}") = "MongoDB", "MongoDB\MongoDB.csproj", "{48D49BBA-29D1-05A9-76A3-7CC98206A567}"
EndProject
Project("{9A19103F-16F7-4668-BE54-9A1E7A4F7556}") = "main", "main\main.csproj", "{B1A8830F-D088-4F25-BBFF-479B152D157D}"
EndProject
Global
	GlobalSection(SolutionConfigurationPlatforms) = preSolution
		Debug|Any CPU = Debug|Any CPU
		Release|Any CPU = Release|Any CPU
	EndGlobalSection
	GlobalSection(ProjectConfigurationPlatforms) = postSolution
		{D8F45C68-E296-A9E4-6804-935D1AE9D04B}.Debug|Any CPU.ActiveCfg = Debug|Any CPU
		{D8F45C68-E296-A9E4-6804-935D1AE9D04B}.Debug|Any CPU.Build.0 = Debug|Any CPU
		{D8F45C68-E296-A9E4-6804-935D1AE9D04B}.Release|Any CPU.ActiveCfg = Release|Any CPU
		{D8F45C68-E296-A9E4-6804-935D1AE9D04B}.Release|Any CPU.Build.0 = Release|Any CPU
		{C3747605-5559-5877-4D36-A81BAE24014D}.Debug|Any CPU.ActiveCfg = Debug|Any CPU
		{C3747605-5559-5877-4D36-A81BAE24014D}.Debug|Any CPU.Build.0 = Debug|Any CPU
		{C3747605-5559-5877-4D36-A81BAE24014D}.Release|Any CPU.ActiveCfg = Release|Any CPU
		{C3747605-5559-5877-4D36-A81BAE24014D}.Release|Any CPU.Build.0 = Release|Any CPU
		{48D49BBA-29D1-05A9-76A3-7CC98206A567}.Debug|Any CPU.ActiveCfg = Debug|Any CPU
		{48D49BBA-29D1-05A9-76A3-7CC98206A567}.Debug|Any CPU.Build.0 = Debug|Any CPU
		{48D49BBA-29D1-05A9-76A3-7CC98206A567}.Release|Any CPU.ActiveCfg = Release|Any CPU
		{48D49BBA-29D1-05A9-76A3-7CC98206A567}.Release|Any CPU.Build.0 = Release|Any CPU
		{B1A8830F-D088-4F25-BBFF-479B152D157D}.Debug|Any CPU.ActiveCfg = Debug|Any CPU
		{B1A8830F-D088-4F25-BBFF-479B152D157D}.Debug|Any CPU.Build.0 = Debug|Any CPU
		{B1A8830F-D088-4F25-BBFF-479B152D157D}.Release|Any CPU.ActiveCfg = Release|Any CPU
		{B1A8830F-D088-4F25-BBFF-479B152D157D}.Release|Any CPU.Build.0 = Release|Any CPU
	EndGlobalSection
	GlobalSection(SolutionProperties) = preSolution
		HideSolutionNode = FALSE
	EndGlobalSection
	GlobalSection(ExtensibilityGlobals) = postSolution
		SolutionGuid = {EC333B8D-F3FF-421A-B6E3-AFF71F0B0949}
	EndGlobalSection
EndGlobal
